// !$*UTF8*$!
{
	archiveVersion = 1;
	classes = {
	};
	objectVersion = 50;
	objects = {

/* Begin PBXBuildFile section */
		FA0048C223EF12B000C24747 /* main.swift in Sources */ = {isa = PBXBuildFile; fileRef = FA0048C123EF12B000C24747 /* main.swift */; };
		FA0048CA23EF130000C24747 /* Symbol.swift in Sources */ = {isa = PBXBuildFile; fileRef = FA0048C923EF130000C24747 /* Symbol.swift */; };
		FA0048CC23EF133000C24747 /* IndividualFactory.swift in Sources */ = {isa = PBXBuildFile; fileRef = FA0048CB23EF133000C24747 /* IndividualFactory.swift */; };
		FA0048CE23EF146B00C24747 /* Individual.swift in Sources */ = {isa = PBXBuildFile; fileRef = FA0048CD23EF146B00C24747 /* Individual.swift */; };
		FA0048D023EF162200C24747 /* Population.swift in Sources */ = {isa = PBXBuildFile; fileRef = FA0048CF23EF162200C24747 /* Population.swift */; };
		FA0048D223EF24BD00C24747 /* MutationProbability.swift in Sources */ = {isa = PBXBuildFile; fileRef = FA0048D123EF24BD00C24747 /* MutationProbability.swift */; };
		FA0048D423F07BC600C24747 /* HealthStandard.swift in Sources */ = {isa = PBXBuildFile; fileRef = FA0048D323F07BC600C24747 /* HealthStandard.swift */; };
		FA0048D623F086F900C24747 /* EvolutionError.swift in Sources */ = {isa = PBXBuildFile; fileRef = FA0048D523F086F900C24747 /* EvolutionError.swift */; };
		FA0E1DCD23FB2CB60079FA90 /* SwiftStats.framework in Frameworks */ = {isa = PBXBuildFile; fileRef = FA0E1DCB23FB27CB0079FA90 /* SwiftStats.framework */; };
		FA0E1DCE23FB2CB60079FA90 /* SwiftStats.framework in Embed Frameworks */ = {isa = PBXBuildFile; fileRef = FA0E1DCB23FB27CB0079FA90 /* SwiftStats.framework */; settings = {ATTRIBUTES = (CodeSignOnCopy, RemoveHeadersOnCopy, ); }; };
		FA35E30323F1E2B3001396F5 /* ParentChoosing.swift in Sources */ = {isa = PBXBuildFile; fileRef = FA35E30223F1E2B3001396F5 /* ParentChoosing.swift */; };
		FA35E30523F1E2FB001396F5 /* Rws.swift in Sources */ = {isa = PBXBuildFile; fileRef = FA35E30423F1E2FB001396F5 /* Rws.swift */; };
/* End PBXBuildFile section */

/* Begin PBXCopyFilesBuildPhase section */
		FA0048BC23EF12B000C24747 /* CopyFiles */ = {
			isa = PBXCopyFilesBuildPhase;
			buildActionMask = 2147483647;
			dstPath = /usr/share/man/man1/;
			dstSubfolderSpec = 0;
			files = (
			);
			runOnlyForDeploymentPostprocessing = 1;
		};
		FA0E1DCF23FB2CB60079FA90 /* Embed Frameworks */ = {
			isa = PBXCopyFilesBuildPhase;
			buildActionMask = 2147483647;
			dstPath = "";
			dstSubfolderSpec = 10;
			files = (
				FA0E1DCE23FB2CB60079FA90 /* SwiftStats.framework in Embed Frameworks */,
			);
			name = "Embed Frameworks";
			runOnlyForDeploymentPostprocessing = 0;
		};
/* End PBXCopyFilesBuildPhase section */

/* Begin PBXFileReference section */
		FA0048BE23EF12B000C24747 /* Evolution */ = {isa = PBXFileReference; explicitFileType = "compiled.mach-o.executable"; includeInIndex = 0; path = Evolution; sourceTree = BUILT_PRODUCTS_DIR; };
		FA0048C123EF12B000C24747 /* main.swift */ = {isa = PBXFileReference; lastKnownFileType = sourcecode.swift; path = main.swift; sourceTree = "<group>"; };
		FA0048C923EF130000C24747 /* Symbol.swift */ = {isa = PBXFileReference; lastKnownFileType = sourcecode.swift; path = Symbol.swift; sourceTree = "<group>"; };
		FA0048CB23EF133000C24747 /* IndividualFactory.swift */ = {isa = PBXFileReference; lastKnownFileType = sourcecode.swift; path = IndividualFactory.swift; sourceTree = "<group>"; };
		FA0048CD23EF146B00C24747 /* Individual.swift */ = {isa = PBXFileReference; lastKnownFileType = sourcecode.swift; path = Individual.swift; sourceTree = "<group>"; };
		FA0048CF23EF162200C24747 /* Population.swift */ = {isa = PBXFileReference; lastKnownFileType = sourcecode.swift; path = Population.swift; sourceTree = "<group>"; };
		FA0048D123EF24BD00C24747 /* MutationProbability.swift */ = {isa = PBXFileReference; lastKnownFileType = sourcecode.swift; path = MutationProbability.swift; sourceTree = "<group>"; };
		FA0048D323F07BC600C24747 /* HealthStandard.swift */ = {isa = PBXFileReference; lastKnownFileType = sourcecode.swift; path = HealthStandard.swift; sourceTree = "<group>"; };
		FA0048D523F086F900C24747 /* EvolutionError.swift */ = {isa = PBXFileReference; lastKnownFileType = sourcecode.swift; path = EvolutionError.swift; sourceTree = "<group>"; };
		FA0E1DCB23FB27CB0079FA90 /* SwiftStats.framework */ = {isa = PBXFileReference; lastKnownFileType = wrapper.framework; path = SwiftStats.framework; sourceTree = "<group>"; };
		FA35E30223F1E2B3001396F5 /* ParentChoosing.swift */ = {isa = PBXFileReference; lastKnownFileType = sourcecode.swift; path = ParentChoosing.swift; sourceTree = "<group>"; };
		FA35E30423F1E2FB001396F5 /* Rws.swift */ = {isa = PBXFileReference; lastKnownFileType = sourcecode.swift; path = Rws.swift; sourceTree = "<group>"; };
/* End PBXFileReference section */

/* Begin PBXFrameworksBuildPhase section */
		FA0048BB23EF12B000C24747 /* Frameworks */ = {
			isa = PBXFrameworksBuildPhase;
			buildActionMask = 2147483647;
			files = (
				FA0E1DCD23FB2CB60079FA90 /* SwiftStats.framework in Frameworks */,
			);
			runOnlyForDeploymentPostprocessing = 0;
		};
/* End PBXFrameworksBuildPhase section */

/* Begin PBXGroup section */
		FA0048B523EF12B000C24747 = {
			isa = PBXGroup;
			children = (
				FA0048C023EF12B000C24747 /* Evolution */,
				FA0048BF23EF12B000C24747 /* Products */,
			);
			sourceTree = "<group>";
		};
		FA0048BF23EF12B000C24747 /* Products */ = {
			isa = PBXGroup;
			children = (
				FA0048BE23EF12B000C24747 /* Evolution */,
			);
			name = Products;
			sourceTree = "<group>";
		};
		FA0048C023EF12B000C24747 /* Evolution */ = {
			isa = PBXGroup;
			children = (
				FA0E1DC823FB27790079FA90 /* Lib */,
				FA0048C823EF12E900C24747 /* Model */,
				FA0048C123EF12B000C24747 /* main.swift */,
			);
			path = Evolution;
			sourceTree = "<group>";
		};
		FA0048C823EF12E900C24747 /* Model */ = {
			isa = PBXGroup;
			children = (
				FA35E30123F1E275001396F5 /* ParentChoosing */,
				FA0048C923EF130000C24747 /* Symbol.swift */,
				FA0048CD23EF146B00C24747 /* Individual.swift */,
				FA0048CF23EF162200C24747 /* Population.swift */,
				FA0048CB23EF133000C24747 /* IndividualFactory.swift */,
				FA0048D123EF24BD00C24747 /* MutationProbability.swift */,
				FA0048D323F07BC600C24747 /* HealthStandard.swift */,
				FA0048D523F086F900C24747 /* EvolutionError.swift */,
			);
			path = Model;
			sourceTree = "<group>";
		};
		FA0E1DC823FB27790079FA90 /* Lib */ = {
			isa = PBXGroup;
			children = (
				FA0E1DCB23FB27CB0079FA90 /* SwiftStats.framework */,
			);
			path = Lib;
			sourceTree = "<group>";
		};
		FA35E30123F1E275001396F5 /* ParentChoosing */ = {
			isa = PBXGroup;
			children = (
				FA35E30223F1E2B3001396F5 /* ParentChoosing.swift */,
				FA35E30423F1E2FB001396F5 /* Rws.swift */,
			);
			path = ParentChoosing;
			sourceTree = "<group>";
		};
/* End PBXGroup section */

/* Begin PBXNativeTarget section */
		FA0048BD23EF12B000C24747 /* Evolution */ = {
			isa = PBXNativeTarget;
			buildConfigurationList = FA0048C523EF12B000C24747 /* Build configuration list for PBXNativeTarget "Evolution" */;
			buildPhases = (
				FA0048BA23EF12B000C24747 /* Sources */,
				FA0048BB23EF12B000C24747 /* Frameworks */,
				FA0048BC23EF12B000C24747 /* CopyFiles */,
				FA0E1DCF23FB2CB60079FA90 /* Embed Frameworks */,
			);
			buildRules = (
			);
			dependencies = (
			);
			name = Evolution;
			productName = Evolution;
			productReference = FA0048BE23EF12B000C24747 /* Evolution */;
			productType = "com.apple.product-type.tool";
		};
/* End PBXNativeTarget section */

/* Begin PBXProject section */
		FA0048B623EF12B000C24747 /* Project object */ = {
			isa = PBXProject;
			attributes = {
				LastSwiftUpdateCheck = 1130;
				LastUpgradeCheck = 1130;
				ORGANIZATIONNAME = g_f0x;
				TargetAttributes = {
					FA0048BD23EF12B000C24747 = {
						CreatedOnToolsVersion = 11.3.1;
					};
				};
			};
			buildConfigurationList = FA0048B923EF12B000C24747 /* Build configuration list for PBXProject "Evolution" */;
			compatibilityVersion = "Xcode 9.3";
			developmentRegion = en;
			hasScannedForEncodings = 0;
			knownRegions = (
				en,
				Base,
			);
			mainGroup = FA0048B523EF12B000C24747;
			productRefGroup = FA0048BF23EF12B000C24747 /* Products */;
			projectDirPath = "";
			projectRoot = "";
			targets = (
				FA0048BD23EF12B000C24747 /* Evolution */,
			);
		};
/* End PBXProject section */

/* Begin PBXSourcesBuildPhase section */
		FA0048BA23EF12B000C24747 /* Sources */ = {
			isa = PBXSourcesBuildPhase;
			buildActionMask = 2147483647;
			files = (
				FA0048D223EF24BD00C24747 /* MutationProbability.swift in Sources */,
				FA0048CE23EF146B00C24747 /* Individual.swift in Sources */,
				FA0048CC23EF133000C24747 /* IndividualFactory.swift in Sources */,
				FA0048C223EF12B000C24747 /* main.swift in Sources */,
				FA35E30323F1E2B3001396F5 /* ParentChoosing.swift in Sources */,
				FA0048D423F07BC600C24747 /* HealthStandard.swift in Sources */,
				FA0048CA23EF130000C24747 /* Symbol.swift in Sources */,
				FA0048D623F086F900C24747 /* EvolutionError.swift in Sources */,
				FA35E30523F1E2FB001396F5 /* Rws.swift in Sources */,
				FA0048D023EF162200C24747 /* Population.swift in Sources */,
			);
			runOnlyForDeploymentPostprocessing = 0;
		};
/* End PBXSourcesBuildPhase section */

/* Begin XCBuildConfiguration section */
		FA0048C323EF12B000C24747 /* Debug */ = {
			isa = XCBuildConfiguration;
			buildSettings = {
				ALWAYS_SEARCH_USER_PATHS = NO;
				CLANG_ANALYZER_NONNULL = YES;
				CLANG_ANALYZER_NUMBER_OBJECT_CONVERSION = YES_AGGRESSIVE;
				CLANG_CXX_LANGUAGE_STANDARD = "gnu++14";
				CLANG_CXX_LIBRARY = "libc++";
				CLANG_ENABLE_MODULES = YES;
				CLANG_ENABLE_OBJC_ARC = YES;
				CLANG_ENABLE_OBJC_WEAK = YES;
				CLANG_WARN_BLOCK_CAPTURE_AUTORELEASING = YES;
				CLANG_WARN_BOOL_CONVERSION = YES;
				CLANG_WARN_COMMA = YES;
				CLANG_WARN_CONSTANT_CONVERSION = YES;
				CLANG_WARN_DEPRECATED_OBJC_IMPLEMENTATIONS = YES;
				CLANG_WARN_DIRECT_OBJC_ISA_USAGE = YES_ERROR;
				CLANG_WARN_DOCUMENTATION_COMMENTS = YES;
				CLANG_WARN_EMPTY_BODY = YES;
				CLANG_WARN_ENUM_CONVERSION = YES;
				CLANG_WARN_INFINITE_RECURSION = YES;
				CLANG_WARN_INT_CONVERSION = YES;
				CLANG_WARN_NON_LITERAL_NULL_CONVERSION = YES;
				CLANG_WARN_OBJC_IMPLICIT_RETAIN_SELF = YES;
				CLANG_WARN_OBJC_LITERAL_CONVERSION = YES;
				CLANG_WARN_OBJC_ROOT_CLASS = YES_ERROR;
				CLANG_WARN_RANGE_LOOP_ANALYSIS = YES;
				CLANG_WARN_STRICT_PROTOTYPES = YES;
				CLANG_WARN_SUSPICIOUS_MOVE = YES;
				CLANG_WARN_UNGUARDED_AVAILABILITY = YES_AGGRESSIVE;
				CLANG_WARN_UNREACHABLE_CODE = YES;
				CLANG_WARN__DUPLICATE_METHOD_MATCH = YES;
				COPY_PHASE_STRIP = NO;
				DEBUG_INFORMATION_FORMAT = dwarf;
				ENABLE_STRICT_OBJC_MSGSEND = YES;
				ENABLE_TESTABILITY = YES;
				GCC_C_LANGUAGE_STANDARD = gnu11;
				GCC_DYNAMIC_NO_PIC = NO;
				GCC_NO_COMMON_BLOCKS = YES;
				GCC_OPTIMIZATION_LEVEL = 0;
				GCC_PREPROCESSOR_DEFINITIONS = (
					"DEBUG=1",
					"$(inherited)",
				);
				GCC_WARN_64_TO_32_BIT_CONVERSION = YES;
				GCC_WARN_ABOUT_RETURN_TYPE = YES_ERROR;
				GCC_WARN_UNDECLARED_SELECTOR = YES;
				GCC_WARN_UNINITIALIZED_AUTOS = YES_AGGRESSIVE;
				GCC_WARN_UNUSED_FUNCTION = YES;
				GCC_WARN_UNUSED_VARIABLE = YES;
				MACOSX_DEPLOYMENT_TARGET = 10.15;
				MTL_ENABLE_DEBUG_INFO = INCLUDE_SOURCE;
				MTL_FAST_MATH = YES;
				ONLY_ACTIVE_ARCH = YES;
				SDKROOT = macosx;
				SWIFT_ACTIVE_COMPILATION_CONDITIONS = DEBUG;
				SWIFT_OPTIMIZATION_LEVEL = "-Onone";
			};
			name = Debug;
		};
		FA0048C423EF12B000C24747 /* Release */ = {
			isa = XCBuildConfiguration;
			buildSettings = {
				ALWAYS_SEARCH_USER_PATHS = NO;
				CLANG_ANALYZER_NONNULL = YES;
				CLANG_ANALYZER_NUMBER_OBJECT_CONVERSION = YES_AGGRESSIVE;
				CLANG_CXX_LANGUAGE_STANDARD = "gnu++14";
				CLANG_CXX_LIBRARY = "libc++";
				CLANG_ENABLE_MODULES = YES;
				CLANG_ENABLE_OBJC_ARC = YES;
				CLANG_ENABLE_OBJC_WEAK = YES;
				CLANG_WARN_BLOCK_CAPTURE_AUTORELEASING = YES;
				CLANG_WARN_BOOL_CONVERSION = YES;
				CLANG_WARN_COMMA = YES;
				CLANG_WARN_CONSTANT_CONVERSION = YES;
				CLANG_WARN_DEPRECATED_OBJC_IMPLEMENTATIONS = YES;
				CLANG_WARN_DIRECT_OBJC_ISA_USAGE = YES_ERROR;
				CLANG_WARN_DOCUMENTATION_COMMENTS = YES;
				CLANG_WARN_EMPTY_BODY = YES;
				CLANG_WARN_ENUM_CONVERSION = YES;
				CLANG_WARN_INFINITE_RECURSION = YES;
				CLANG_WARN_INT_CONVERSION = YES;
				CLANG_WARN_NON_LITERAL_NULL_CONVERSION = YES;
				CLANG_WARN_OBJC_IMPLICIT_RETAIN_SELF = YES;
				CLANG_WARN_OBJC_LITERAL_CONVERSION = YES;
				CLANG_WARN_OBJC_ROOT_CLASS = YES_ERROR;
				CLANG_WARN_RANGE_LOOP_ANALYSIS = YES;
				CLANG_WARN_STRICT_PROTOTYPES = YES;
				CLANG_WARN_SUSPICIOUS_MOVE = YES;
				CLANG_WARN_UNGUARDED_AVAILABILITY = YES_AGGRESSIVE;
				CLANG_WARN_UNREACHABLE_CODE = YES;
				CLANG_WARN__DUPLICATE_METHOD_MATCH = YES;
				COPY_PHASE_STRIP = NO;
				DEBUG_INFORMATION_FORMAT = "dwarf-with-dsym";
				ENABLE_NS_ASSERTIONS = NO;
				ENABLE_STRICT_OBJC_MSGSEND = YES;
				GCC_C_LANGUAGE_STANDARD = gnu11;
				GCC_NO_COMMON_BLOCKS = YES;
				GCC_WARN_64_TO_32_BIT_CONVERSION = YES;
				GCC_WARN_ABOUT_RETURN_TYPE = YES_ERROR;
				GCC_WARN_UNDECLARED_SELECTOR = YES;
				GCC_WARN_UNINITIALIZED_AUTOS = YES_AGGRESSIVE;
				GCC_WARN_UNUSED_FUNCTION = YES;
				GCC_WARN_UNUSED_VARIABLE = YES;
				MACOSX_DEPLOYMENT_TARGET = 10.15;
				MTL_ENABLE_DEBUG_INFO = NO;
				MTL_FAST_MATH = YES;
				SDKROOT = macosx;
				SWIFT_COMPILATION_MODE = wholemodule;
				SWIFT_OPTIMIZATION_LEVEL = "-O";
			};
			name = Release;
		};
		FA0048C623EF12B000C24747 /* Debug */ = {
			isa = XCBuildConfiguration;
			buildSettings = {
				CODE_SIGN_STYLE = Automatic;
				DEVELOPMENT_TEAM = MT49R2KND7;
				ENABLE_HARDENED_RUNTIME = YES;
				FRAMEWORK_SEARCH_PATHS = (
					"$(inherited)",
					"$(PROJECT_DIR)/Evolution/Lib",
				);
				PRODUCT_NAME = "$(TARGET_NAME)";
				SWIFT_VERSION = 5.0;
			};
			name = Debug;
		};
		FA0048C723EF12B000C24747 /* Release */ = {
			isa = XCBuildConfiguration;
			buildSettings = {
				CODE_SIGN_STYLE = Automatic;
				DEVELOPMENT_TEAM = MT49R2KND7;
				ENABLE_HARDENED_RUNTIME = YES;
				FRAMEWORK_SEARCH_PATHS = (
					"$(inherited)",
					"$(PROJECT_DIR)/Evolution/Lib",
				);
				PRODUCT_NAME = "$(TARGET_NAME)";
				SWIFT_VERSION = 5.0;
			};
			name = Release;
		};
/* End XCBuildConfiguration section */

/* Begin XCConfigurationList section */
		FA0048B923EF12B000C24747 /* Build configuration list for PBXProject "Evolution" */ = {
			isa = XCConfigurationList;
			buildConfigurations = (
				FA0048C323EF12B000C24747 /* Debug */,
				FA0048C423EF12B000C24747 /* Release */,
			);
			defaultConfigurationIsVisible = 0;
			defaultConfigurationName = Release;
		};
		FA0048C523EF12B000C24747 /* Build configuration list for PBXNativeTarget "Evolution" */ = {
			isa = XCConfigurationList;
			buildConfigurations = (
				FA0048C623EF12B000C24747 /* Debug */,
				FA0048C723EF12B000C24747 /* Release */,
			);
			defaultConfigurationIsVisible = 0;
			defaultConfigurationName = Release;
		};
/* End XCConfigurationList section */
	};
	rootObject = FA0048B623EF12B000C24747 /* Project object */;
}
